
Microsoft Visual Studio Solution File, Format Version 12.00
# Visual Studio Version 17
VisualStudioVersion = 17.7.34024.191
MinimumVisualStudioVersion = 10.0.40219.1
Project("{9A19103F-16F7-4668-BE54-9A1E7A4F7556}") = "Lab-1", "Lab-1\Lab-1.csproj", "{FDC6EF04-ED95-4532-91C5-716C3CBC6B3A}"
EndProject
Global
	GlobalSection(SolutionConfigurationPlatforms) = preSolution
		Debug|Any CPU = Debug|Any CPU
		Release|Any CPU = Release|Any CPU
	EndGlobalSection
	GlobalSection(ProjectConfigurationPlatforms) = postSolution
		{FDC6EF04-ED95-4532-91C5-716C3CBC6B3A}.Debug|Any CPU.ActiveCfg = Debug|Any CPU
		{FDC6EF04-ED95-4532-91C5-716C3CBC6B3A}.Debug|Any CPU.Build.0 = Debug|Any CPU
		{FDC6EF04-ED95-4532-91C5-716C3CBC6B3A}.Release|Any CPU.ActiveCfg = Release|Any CPU
		{FDC6EF04-ED95-4532-91C5-716C3CBC6B3A}.Release|Any CPU.Build.0 = Release|Any CPU
	EndGlobalSection
	GlobalSection(SolutionProperties) = preSolution
		HideSolutionNode = FALSE
	EndGlobalSection
	GlobalSection(ExtensibilityGlobals) = postSolution
		SolutionGuid = {7B5F406D-BAC9-4695-881F-2B89834F0E95}
	EndGlobalSection
EndGlobal
